
Microsoft Visual Studio Solution File, Format Version 12.00
# Visual Studio 14
VisualStudioVersion = 14.0.25123.0
MinimumVisualStudioVersion = 10.0.40219.1
Project("{2150E333-8FDC-42A3-9474-1A3956D46DE8}") = "src", "src", "{77675409-46D3-4A13-9A53-BC844B62277D}"
EndProject
Project("{2150E333-8FDC-42A3-9474-1A3956D46DE8}") = "Domain", "Domain", "{0A4A893F-67B0-4217-847B-1829F75B0017}"
EndProject
Project("{2150E333-8FDC-42A3-9474-1A3956D46DE8}") = "Test", "Test", "{9FDFDF0F-3EF1-4612-90D7-56F08E29D90A}"
EndProject
Project("{2150E333-8FDC-42A3-9474-1A3956D46DE8}") = "Application", "Application", "{0599F7B9-76AD-4494-9FE9-68BE65D61DAF}"
EndProject
Project("{2150E333-8FDC-42A3-9474-1A3956D46DE8}") = "Services", "Services", "{84F7D1C1-9FCF-4E64-B225-8FBBF19B6EF3}"
EndProject
Project("{FAE04EC0-301F-11D3-BF4B-00C04F79EFBC}") = "ISONET.Domain", "src\Domain\ISONET.Domain\ISONET.Domain.csproj", "{BC997CC3-9413-42FD-A401-BFECEEFD0FFA}"
EndProject
Project("{FAE04EC0-301F-11D3-BF4B-00C04F79EFBC}") = "ISONET.Application", "src\Application\ISONET.Application\ISONET.Application.csproj", "{DF605B1A-923C-4BD6-B07B-04C4B2B227E5}"
EndProject
Project("{FAE04EC0-301F-11D3-BF4B-00C04F79EFBC}") = "ISONET.Test", "src\Test\ISONET.Test\ISONET.Test.csproj", "{4FECF18E-BD4D-48B1-AC97-E86AB7B9D80B}"
EndProject
Global
	GlobalSection(SolutionConfigurationPlatforms) = preSolution
		Debug|Any CPU = Debug|Any CPU
		Release|Any CPU = Release|Any CPU
	EndGlobalSection
	GlobalSection(ProjectConfigurationPlatforms) = postSolution
		{BC997CC3-9413-42FD-A401-BFECEEFD0FFA}.Debug|Any CPU.ActiveCfg = Debug|Any CPU
		{BC997CC3-9413-42FD-A401-BFECEEFD0FFA}.Debug|Any CPU.Build.0 = Debug|Any CPU
		{BC997CC3-9413-42FD-A401-BFECEEFD0FFA}.Release|Any CPU.ActiveCfg = Release|Any CPU
		{BC997CC3-9413-42FD-A401-BFECEEFD0FFA}.Release|Any CPU.Build.0 = Release|Any CPU
		{DF605B1A-923C-4BD6-B07B-04C4B2B227E5}.Debug|Any CPU.ActiveCfg = Debug|Any CPU
		{DF605B1A-923C-4BD6-B07B-04C4B2B227E5}.Debug|Any CPU.Build.0 = Debug|Any CPU
		{DF605B1A-923C-4BD6-B07B-04C4B2B227E5}.Release|Any CPU.ActiveCfg = Release|Any CPU
		{DF605B1A-923C-4BD6-B07B-04C4B2B227E5}.Release|Any CPU.Build.0 = Release|Any CPU
		{4FECF18E-BD4D-48B1-AC97-E86AB7B9D80B}.Debug|Any CPU.ActiveCfg = Debug|Any CPU
		{4FECF18E-BD4D-48B1-AC97-E86AB7B9D80B}.Debug|Any CPU.Build.0 = Debug|Any CPU
		{4FECF18E-BD4D-48B1-AC97-E86AB7B9D80B}.Release|Any CPU.ActiveCfg = Release|Any CPU
		{4FECF18E-BD4D-48B1-AC97-E86AB7B9D80B}.Release|Any CPU.Build.0 = Release|Any CPU
	EndGlobalSection
	GlobalSection(SolutionProperties) = preSolution
		HideSolutionNode = FALSE
	EndGlobalSection
	GlobalSection(NestedProjects) = preSolution
		{0A4A893F-67B0-4217-847B-1829F75B0017} = {77675409-46D3-4A13-9A53-BC844B62277D}
		{9FDFDF0F-3EF1-4612-90D7-56F08E29D90A} = {77675409-46D3-4A13-9A53-BC844B62277D}
		{0599F7B9-76AD-4494-9FE9-68BE65D61DAF} = {77675409-46D3-4A13-9A53-BC844B62277D}
		{84F7D1C1-9FCF-4E64-B225-8FBBF19B6EF3} = {77675409-46D3-4A13-9A53-BC844B62277D}
		{BC997CC3-9413-42FD-A401-BFECEEFD0FFA} = {0A4A893F-67B0-4217-847B-1829F75B0017}
		{DF605B1A-923C-4BD6-B07B-04C4B2B227E5} = {0599F7B9-76AD-4494-9FE9-68BE65D61DAF}
		{4FECF18E-BD4D-48B1-AC97-E86AB7B9D80B} = {9FDFDF0F-3EF1-4612-90D7-56F08E29D90A}
	EndGlobalSection
EndGlobal
