
Microsoft Visual Studio Solution File, Format Version 12.00
# Visual Studio 14
VisualStudioVersion = 14.0.25420.1
MinimumVisualStudioVersion = 10.0.40219.1
Project("{2150E333-8FDC-42A3-9474-1A3956D46DE8}") = "src", "src", "{77675409-46D3-4A13-9A53-BC844B62277D}"
EndProject
Project("{2150E333-8FDC-42A3-9474-1A3956D46DE8}") = "Domain", "Domain", "{0A4A893F-67B0-4217-847B-1829F75B0017}"
EndProject
Project("{2150E333-8FDC-42A3-9474-1A3956D46DE8}") = "Application", "Application", "{0599F7B9-76AD-4494-9FE9-68BE65D61DAF}"
EndProject
Project("{FAE04EC0-301F-11D3-BF4B-00C04F79EFBC}") = "ISONET.Domain", "src\Domain\ISONET.Domain\ISONET.Domain.csproj", "{BC997CC3-9413-42FD-A401-BFECEEFD0FFA}"
EndProject
Project("{FAE04EC0-301F-11D3-BF4B-00C04F79EFBC}") = "ISONET.Application", "src\Application\ISONET.Application\ISONET.Application.csproj", "{DF605B1A-923C-4BD6-B07B-04C4B2B227E5}"
EndProject
Project("{2150E333-8FDC-42A3-9474-1A3956D46DE8}") = "Test", "Test", "{47560A04-6A63-46A8-AF67-44AC6EF6198F}"
EndProject
Project("{FAE04EC0-301F-11D3-BF4B-00C04F79EFBC}") = "ISONET.Test", "Test\ISONET.Test\ISONET.Test.csproj", "{2B5F4141-D3AB-429B-83E8-0C394E9D15B2}"
EndProject
Project("{2150E333-8FDC-42A3-9474-1A3956D46DE8}") = "Services", "Services", "{A2AE4FF0-485C-4F12-8A10-FDD12F6902A4}"
EndProject
Project("{FAE04EC0-301F-11D3-BF4B-00C04F79EFBC}") = "ISONET.Services", "src\Services\ISONET.Services\ISONET.Services.csproj", "{92163874-6C7F-44BF-915A-75F7B506C94B}"
EndProject
Project("{FAE04EC0-301F-11D3-BF4B-00C04F79EFBC}") = "ISONET.Domain.Core", "src\Domain\ISONET.Domain.Core\ISONET.Domain.Core.csproj", "{8DDAE792-398A-47D2-86B1-FB4989FB63AC}"
EndProject
Global
	GlobalSection(SolutionConfigurationPlatforms) = preSolution
		Debug|Any CPU = Debug|Any CPU
		Release|Any CPU = Release|Any CPU
	EndGlobalSection
	GlobalSection(ProjectConfigurationPlatforms) = postSolution
		{BC997CC3-9413-42FD-A401-BFECEEFD0FFA}.Debug|Any CPU.ActiveCfg = Debug|Any CPU
		{BC997CC3-9413-42FD-A401-BFECEEFD0FFA}.Debug|Any CPU.Build.0 = Debug|Any CPU
		{BC997CC3-9413-42FD-A401-BFECEEFD0FFA}.Release|Any CPU.ActiveCfg = Release|Any CPU
		{BC997CC3-9413-42FD-A401-BFECEEFD0FFA}.Release|Any CPU.Build.0 = Release|Any CPU
		{DF605B1A-923C-4BD6-B07B-04C4B2B227E5}.Debug|Any CPU.ActiveCfg = Debug|Any CPU
		{DF605B1A-923C-4BD6-B07B-04C4B2B227E5}.Debug|Any CPU.Build.0 = Debug|Any CPU
		{DF605B1A-923C-4BD6-B07B-04C4B2B227E5}.Debug|Any CPU.Deploy.0 = Debug|Any CPU
		{DF605B1A-923C-4BD6-B07B-04C4B2B227E5}.Release|Any CPU.ActiveCfg = Release|Any CPU
		{DF605B1A-923C-4BD6-B07B-04C4B2B227E5}.Release|Any CPU.Build.0 = Release|Any CPU
		{2B5F4141-D3AB-429B-83E8-0C394E9D15B2}.Debug|Any CPU.ActiveCfg = Debug|Any CPU
		{2B5F4141-D3AB-429B-83E8-0C394E9D15B2}.Debug|Any CPU.Build.0 = Debug|Any CPU
		{2B5F4141-D3AB-429B-83E8-0C394E9D15B2}.Release|Any CPU.ActiveCfg = Release|Any CPU
		{2B5F4141-D3AB-429B-83E8-0C394E9D15B2}.Release|Any CPU.Build.0 = Release|Any CPU
		{92163874-6C7F-44BF-915A-75F7B506C94B}.Debug|Any CPU.ActiveCfg = Debug|Any CPU
		{92163874-6C7F-44BF-915A-75F7B506C94B}.Debug|Any CPU.Build.0 = Debug|Any CPU
		{92163874-6C7F-44BF-915A-75F7B506C94B}.Release|Any CPU.ActiveCfg = Release|Any CPU
		{92163874-6C7F-44BF-915A-75F7B506C94B}.Release|Any CPU.Build.0 = Release|Any CPU
		{8DDAE792-398A-47D2-86B1-FB4989FB63AC}.Debug|Any CPU.ActiveCfg = Debug|Any CPU
		{8DDAE792-398A-47D2-86B1-FB4989FB63AC}.Debug|Any CPU.Build.0 = Debug|Any CPU
		{8DDAE792-398A-47D2-86B1-FB4989FB63AC}.Release|Any CPU.ActiveCfg = Release|Any CPU
		{8DDAE792-398A-47D2-86B1-FB4989FB63AC}.Release|Any CPU.Build.0 = Release|Any CPU
	EndGlobalSection
	GlobalSection(SolutionProperties) = preSolution
		HideSolutionNode = FALSE
	EndGlobalSection
	GlobalSection(NestedProjects) = preSolution
		{0A4A893F-67B0-4217-847B-1829F75B0017} = {77675409-46D3-4A13-9A53-BC844B62277D}
		{0599F7B9-76AD-4494-9FE9-68BE65D61DAF} = {77675409-46D3-4A13-9A53-BC844B62277D}
		{BC997CC3-9413-42FD-A401-BFECEEFD0FFA} = {0A4A893F-67B0-4217-847B-1829F75B0017}
		{DF605B1A-923C-4BD6-B07B-04C4B2B227E5} = {0599F7B9-76AD-4494-9FE9-68BE65D61DAF}
		{2B5F4141-D3AB-429B-83E8-0C394E9D15B2} = {47560A04-6A63-46A8-AF67-44AC6EF6198F}
		{A2AE4FF0-485C-4F12-8A10-FDD12F6902A4} = {77675409-46D3-4A13-9A53-BC844B62277D}
		{92163874-6C7F-44BF-915A-75F7B506C94B} = {A2AE4FF0-485C-4F12-8A10-FDD12F6902A4}
		{8DDAE792-398A-47D2-86B1-FB4989FB63AC} = {0A4A893F-67B0-4217-847B-1829F75B0017}
	EndGlobalSection
EndGlobal
